
Microsoft Visual Studio Solution File, Format Version 12.00
# Visual Studio Version 16
VisualStudioVersion = 16.0.32106.194
MinimumVisualStudioVersion = 10.0.40219.1
Project("{888888A0-9F3D-457C-B088-3A5042F75D52}") = "Statika", "Statika.pyproj", "{D5E7555E-A6C2-4537-A94C-29F52594489A}"
EndProject
Global
	GlobalSection(SolutionConfigurationPlatforms) = preSolution
		Debug|Any CPU = Debug|Any CPU
		Release|Any CPU = Release|Any CPU
	EndGlobalSection
	GlobalSection(ProjectConfigurationPlatforms) = postSolution
		{D5E7555E-A6C2-4537-A94C-29F52594489A}.Debug|Any CPU.ActiveCfg = Debug|Any CPU
		{D5E7555E-A6C2-4537-A94C-29F52594489A}.Release|Any CPU.ActiveCfg = Release|Any CPU
	EndGlobalSection
	GlobalSection(SolutionProperties) = preSolution
		HideSolutionNode = FALSE
	EndGlobalSection
	GlobalSection(ExtensibilityGlobals) = postSolution
		SolutionGuid = {536E29FD-B403-4208-BD33-1FE3CA86D97A}
	EndGlobalSection
EndGlobal
